{
  "name": "focus-ui",
  "version": "0.1.0",
  "lockfileVersion": 3,
  "requires": true,
  "packages": {
    "": {
      "name": "focus-ui",
      "version": "0.1.0",
      "workspaces": [
        "apps/*",
        "packages/*"
      ],
      "devDependencies": {
        "typescript": "^5.9.3"
      }
    },
    "apps/desktop": {
      "name": "@focus-ui/desktop",
      "version": "0.1.0"
    },
    "apps/extension": {
      "name": "@focus-ui/extension",
      "version": "0.1.0"
    },
    "node_modules/@focus-ui/desktop": {
      "resolved": "apps/desktop",
      "link": true
    },
    "node_modules/@focus-ui/extension": {
      "resolved": "apps/extension",
      "link": true
    },
    "node_modules/@focus-ui/shared": {
      "resolved": "packages/shared",
      "link": true
    },
    "node_modules/typescript": {
      "version": "5.9.3",
      "resolved": "https://registry.npmjs.org/typescript/-/typescript-5.9.3.tgz",
      "integrity": "sha512-jl1vZzPDinLr9eUt3J/t7V6FgNEw9QjvBPdysz9KfQDD41fQrC2Y4vKQdiaUpFT4bXlb1RHhLpp8wtm6M5TgSw==",
      "dev": true,
      "license": "Apache-2.0",
      "bin": {
        "tsc": "bin/tsc",
        "tsserver": "bin/tsserver"
      },
      "engines": {
        "node": ">=14.17"
      }
    },
    "packages/shared": {
      "name": "@focus-ui/shared",
      "version": "0.1.0"
    }
  }
}
